
Microsoft Visual Studio Solution File, Format Version 12.00
# Visual Studio 14
VisualStudioVersion = 14.0.25420.1
MinimumVisualStudioVersion = 10.0.40219.1
Project("{FAE04EC0-301F-11D3-BF4B-00C04F79EFBC}") = "ModelDesignFirst_L1", "ModelDesignFirst_L1\ModelDesignFirst_L1.csproj", "{4610D804-C7D6-474E-9331-D7EB31910112}"
EndProject
Global
	GlobalSection(SolutionConfigurationPlatforms) = preSolution
		Debug|Any CPU = Debug|Any CPU
		Release|Any CPU = Release|Any CPU
	EndGlobalSection
	GlobalSection(ProjectConfigurationPlatforms) = postSolution
		{4610D804-C7D6-474E-9331-D7EB31910112}.Debug|Any CPU.ActiveCfg = Debug|Any CPU
		{4610D804-C7D6-474E-9331-D7EB31910112}.Debug|Any CPU.Build.0 = Debug|Any CPU
		{4610D804-C7D6-474E-9331-D7EB31910112}.Release|Any CPU.ActiveCfg = Release|Any CPU
		{4610D804-C7D6-474E-9331-D7EB31910112}.Release|Any CPU.Build.0 = Release|Any CPU
	EndGlobalSection
	GlobalSection(SolutionProperties) = preSolution
		HideSolutionNode = FALSE
	EndGlobalSection
EndGlobal
